
Microsoft Visual Studio Solution File, Format Version 12.00
# Visual Studio Version 17
VisualStudioVersion = 17.5.002.0
MinimumVisualStudioVersion = 10.0.40219.1
Project("{9A19103F-16F7-4668-BE54-9A1E7A4F7556}") = "Reto-5-Question-Description", "Reto-5-Question-Description.csproj", "{376CDE96-40F7-40E2-9537-66BAD66839B2}"
EndProject
Global
	GlobalSection(SolutionConfigurationPlatforms) = preSolution
		Debug|Any CPU = Debug|Any CPU
		Release|Any CPU = Release|Any CPU
	EndGlobalSection
	GlobalSection(ProjectConfigurationPlatforms) = postSolution
		{376CDE96-40F7-40E2-9537-66BAD66839B2}.Debug|Any CPU.ActiveCfg = Debug|Any CPU
		{376CDE96-40F7-40E2-9537-66BAD66839B2}.Debug|Any CPU.Build.0 = Debug|Any CPU
		{376CDE96-40F7-40E2-9537-66BAD66839B2}.Release|Any CPU.ActiveCfg = Release|Any CPU
		{376CDE96-40F7-40E2-9537-66BAD66839B2}.Release|Any CPU.Build.0 = Release|Any CPU
	EndGlobalSection
	GlobalSection(SolutionProperties) = preSolution
		HideSolutionNode = FALSE
	EndGlobalSection
	GlobalSection(ExtensibilityGlobals) = postSolution
		SolutionGuid = {A28B09CD-97F5-4717-A6B8-6C407CD39E11}
	EndGlobalSection
EndGlobal
